// !$*UTF8*$!
{
	archiveVersion = 1;
	classes = {
	};
	objectVersion = 50;
	objects = {

/* Begin PBXBuildFile section */
		F20CEC0724E6EB310048EE4D /* Test2App.swift in Sources */ = {isa = PBXBuildFile; fileRef = F20CEC0624E6EB310048EE4D /* Test2App.swift */; };
		F20CEC0924E6EB310048EE4D /* ContentView.swift in Sources */ = {isa = PBXBuildFile; fileRef = F20CEC0824E6EB310048EE4D /* ContentView.swift */; };
		F20CEC0B24E6EB320048EE4D /* Assets.xcassets in Resources */ = {isa = PBXBuildFile; fileRef = F20CEC0A24E6EB320048EE4D /* Assets.xcassets */; };
		F20CEC0E24E6EB320048EE4D /* Preview Assets.xcassets in Resources */ = {isa = PBXBuildFile; fileRef = F20CEC0D24E6EB320048EE4D /* Preview Assets.xcassets */; };
		F20CEC1A24E6EB320048EE4D /* Test2Tests.swift in Sources */ = {isa = PBXBuildFile; fileRef = F20CEC1924E6EB320048EE4D /* Test2Tests.swift */; };
		F20CEC2524E6EB320048EE4D /* Test2UITests.swift in Sources */ = {isa = PBXBuildFile; fileRef = F20CEC2424E6EB320048EE4D /* Test2UITests.swift */; };
/* End PBXBuildFile section */

/* Begin PBXContainerItemProxy section */
		F20CEC1624E6EB320048EE4D /* PBXContainerItemProxy */ = {
			isa = PBXContainerItemProxy;
			containerPortal = F20CEBFB24E6EB310048EE4D /* Project object */;
			proxyType = 1;
			remoteGlobalIDString = F20CEC0224E6EB310048EE4D;
			remoteInfo = Test2;
		};
		F20CEC2124E6EB320048EE4D /* PBXContainerItemProxy */ = {
			isa = PBXContainerItemProxy;
			containerPortal = F20CEBFB24E6EB310048EE4D /* Project object */;
			proxyType = 1;
			remoteGlobalIDString = F20CEC0224E6EB310048EE4D;
			remoteInfo = Test2;
		};
/* End PBXContainerItemProxy section */

/* Begin PBXFileReference section */
		F20CEC0324E6EB310048EE4D /* Test2.app */ = {isa = PBXFileReference; explicitFileType = wrapper.application; includeInIndex = 0; path = Test2.app; sourceTree = BUILT_PRODUCTS_DIR; };
		F20CEC0624E6EB310048EE4D /* Test2App.swift */ = {isa = PBXFileReference; lastKnownFileType = sourcecode.swift; path = Test2App.swift; sourceTree = "<group>"; };
		F20CEC0824E6EB310048EE4D /* ContentView.swift */ = {isa = PBXFileReference; lastKnownFileType = sourcecode.swift; path = ContentView.swift; sourceTree = "<group>"; };
		F20CEC0A24E6EB320048EE4D /* Assets.xcassets */ = {isa = PBXFileReference; lastKnownFileType = folder.assetcatalog; path = Assets.xcassets; sourceTree = "<group>"; };
		F20CEC0D24E6EB320048EE4D /* Preview Assets.xcassets */ = {isa = PBXFileReference; lastKnownFileType = folder.assetcatalog; path = "Preview Assets.xcassets"; sourceTree = "<group>"; };
		F20CEC0F24E6EB320048EE4D /* Info.plist */ = {isa = PBXFileReference; lastKnownFileType = text.plist.xml; path = Info.plist; sourceTree = "<group>"; };
		F20CEC1024E6EB320048EE4D /* Test2.entitlements */ = {isa = PBXFileReference; lastKnownFileType = text.plist.entitlements; path = Test2.entitlements; sourceTree = "<group>"; };
		F20CEC1524E6EB320048EE4D /* Test2Tests.xctest */ = {isa = PBXFileReference; explicitFileType = wrapper.cfbundle; includeInIndex = 0; path = Test2Tests.xctest; sourceTree = BUILT_PRODUCTS_DIR; };
		F20CEC1924E6EB320048EE4D /* Test2Tests.swift */ = {isa = PBXFileReference; lastKnownFileType = sourcecode.swift; path = Test2Tests.swift; sourceTree = "<group>"; };
		F20CEC1B24E6EB320048EE4D /* Info.plist */ = {isa = PBXFileReference; lastKnownFileType = text.plist.xml; path = Info.plist; sourceTree = "<group>"; };
		F20CEC2024E6EB320048EE4D /* Test2UITests.xctest */ = {isa = PBXFileReference; explicitFileType = wrapper.cfbundle; includeInIndex = 0; path = Test2UITests.xctest; sourceTree = BUILT_PRODUCTS_DIR; };
		F20CEC2424E6EB320048EE4D /* Test2UITests.swift */ = {isa = PBXFileReference; lastKnownFileType = sourcecode.swift; path = Test2UITests.swift; sourceTree = "<group>"; };
		F20CEC2624E6EB320048EE4D /* Info.plist */ = {isa = PBXFileReference; lastKnownFileType = text.plist.xml; path = Info.plist; sourceTree = "<group>"; };
/* End PBXFileReference section */

/* Begin PBXFrameworksBuildPhase section */
		F20CEC0024E6EB310048EE4D /* Frameworks */ = {
			isa = PBXFrameworksBuildPhase;
			buildActionMask = 2147483647;
			files = (
			);
			runOnlyForDeploymentPostprocessing = 0;
		};
		F20CEC1224E6EB320048EE4D /* Frameworks */ = {
			isa = PBXFrameworksBuildPhase;
			buildActionMask = 2147483647;
			files = (
			);
			runOnlyForDeploymentPostprocessing = 0;
		};
		F20CEC1D24E6EB320048EE4D /* Frameworks */ = {
			isa = PBXFrameworksBuildPhase;
			buildActionMask = 2147483647;
			files = (
			);
			runOnlyForDeploymentPostprocessing = 0;
		};
/* End PBXFrameworksBuildPhase section */

/* Begin PBXGroup section */
		F20CEBFA24E6EB310048EE4D = {
			isa = PBXGroup;
			children = (
				F20CEC0524E6EB310048EE4D /* Test2 */,
				F20CEC1824E6EB320048EE4D /* Test2Tests */,
				F20CEC2324E6EB320048EE4D /* Test2UITests */,
				F20CEC0424E6EB310048EE4D /* Products */,
			);
			sourceTree = "<group>";
		};
		F20CEC0424E6EB310048EE4D /* Products */ = {
			isa = PBXGroup;
			children = (
				F20CEC0324E6EB310048EE4D /* Test2.app */,
				F20CEC1524E6EB320048EE4D /* Test2Tests.xctest */,
				F20CEC2024E6EB320048EE4D /* Test2UITests.xctest */,
			);
			name = Products;
			sourceTree = "<group>";
		};
		F20CEC0524E6EB310048EE4D /* Test2 */ = {
			isa = PBXGroup;
			children = (
				F20CEC0624E6EB310048EE4D /* Test2App.swift */,
				F20CEC0824E6EB310048EE4D /* ContentView.swift */,
				F20CEC0A24E6EB320048EE4D /* Assets.xcassets */,
				F20CEC0F24E6EB320048EE4D /* Info.plist */,
				F20CEC1024E6EB320048EE4D /* Test2.entitlements */,
				F20CEC0C24E6EB320048EE4D /* Preview Content */,
			);
			path = Test2;
			sourceTree = "<group>";
		};
		F20CEC0C24E6EB320048EE4D /* Preview Content */ = {
			isa = PBXGroup;
			children = (
				F20CEC0D24E6EB320048EE4D /* Preview Assets.xcassets */,
			);
			path = "Preview Content";
			sourceTree = "<group>";
		};
		F20CEC1824E6EB320048EE4D /* Test2Tests */ = {
			isa = PBXGroup;
			children = (
				F20CEC1924E6EB320048EE4D /* Test2Tests.swift */,
				F20CEC1B24E6EB320048EE4D /* Info.plist */,
			);
			path = Test2Tests;
			sourceTree = "<group>";
		};
		F20CEC2324E6EB320048EE4D /* Test2UITests */ = {
			isa = PBXGroup;
			children = (
				F20CEC2424E6EB320048EE4D /* Test2UITests.swift */,
				F20CEC2624E6EB320048EE4D /* Info.plist */,
			);
			path = Test2UITests;
			sourceTree = "<group>";
		};
/* End PBXGroup section */

/* Begin PBXNativeTarget section */
		F20CEC0224E6EB310048EE4D /* Test2 */ = {
			isa = PBXNativeTarget;
			buildConfigurationList = F20CEC2924E6EB320048EE4D /* Build configuration list for PBXNativeTarget "Test2" */;
			buildPhases = (
				F20CEBFF24E6EB310048EE4D /* Sources */,
				F20CEC0024E6EB310048EE4D /* Frameworks */,
				F20CEC0124E6EB310048EE4D /* Resources */,
			);
			buildRules = (
			);
			dependencies = (
			);
			name = Test2;
			productName = Test2;
			productReference = F20CEC0324E6EB310048EE4D /* Test2.app */;
			productType = "com.apple.product-type.application";
		};
		F20CEC1424E6EB320048EE4D /* Test2Tests */ = {
			isa = PBXNativeTarget;
			buildConfigurationList = F20CEC2C24E6EB320048EE4D /* Build configuration list for PBXNativeTarget "Test2Tests" */;
			buildPhases = (
				F20CEC1124E6EB320048EE4D /* Sources */,
				F20CEC1224E6EB320048EE4D /* Frameworks */,
				F20CEC1324E6EB320048EE4D /* Resources */,
			);
			buildRules = (
			);
			dependencies = (
				F20CEC1724E6EB320048EE4D /* PBXTargetDependency */,
			);
			name = Test2Tests;
			productName = Test2Tests;
			productReference = F20CEC1524E6EB320048EE4D /* Test2Tests.xctest */;
			productType = "com.apple.product-type.bundle.unit-test";
		};
		F20CEC1F24E6EB320048EE4D /* Test2UITests */ = {
			isa = PBXNativeTarget;
			buildConfigurationList = F20CEC2F24E6EB320048EE4D /* Build configuration list for PBXNativeTarget "Test2UITests" */;
			buildPhases = (
				F20CEC1C24E6EB320048EE4D /* Sources */,
				F20CEC1D24E6EB320048EE4D /* Frameworks */,
				F20CEC1E24E6EB320048EE4D /* Resources */,
			);
			buildRules = (
			);
			dependencies = (
				F20CEC2224E6EB320048EE4D /* PBXTargetDependency */,
			);
			name = Test2UITests;
			productName = Test2UITests;
			productReference = F20CEC2024E6EB320048EE4D /* Test2UITests.xctest */;
			productType = "com.apple.product-type.bundle.ui-testing";
		};
/* End PBXNativeTarget section */

/* Begin PBXProject section */
		F20CEBFB24E6EB310048EE4D /* Project object */ = {
			isa = PBXProject;
			attributes = {
				LastSwiftUpdateCheck = 1200;
				LastUpgradeCheck = 1200;
				TargetAttributes = {
					F20CEC0224E6EB310048EE4D = {
						CreatedOnToolsVersion = 12.0;
					};
					F20CEC1424E6EB320048EE4D = {
						CreatedOnToolsVersion = 12.0;
						TestTargetID = F20CEC0224E6EB310048EE4D;
					};
					F20CEC1F24E6EB320048EE4D = {
						CreatedOnToolsVersion = 12.0;
						TestTargetID = F20CEC0224E6EB310048EE4D;
					};
				};
			};
			buildConfigurationList = F20CEBFE24E6EB310048EE4D /* Build configuration list for PBXProject "Test2" */;
			compatibilityVersion = "Xcode 9.3";
			developmentRegion = en;
			hasScannedForEncodings = 0;
			knownRegions = (
				en,
				Base,
			);
			mainGroup = F20CEBFA24E6EB310048EE4D;
			productRefGroup = F20CEC0424E6EB310048EE4D /* Products */;
			projectDirPath = "";
			projectRoot = "";
			targets = (
				F20CEC0224E6EB310048EE4D /* Test2 */,
				F20CEC1424E6EB320048EE4D /* Test2Tests */,
				F20CEC1F24E6EB320048EE4D /* Test2UITests */,
			);
		};
/* End PBXProject section */

/* Begin PBXResourcesBuildPhase section */
		F20CEC0124E6EB310048EE4D /* Resources */ = {
			isa = PBXResourcesBuildPhase;
			buildActionMask = 2147483647;
			files = (
				F20CEC0E24E6EB320048EE4D /* Preview Assets.xcassets in Resources */,
				F20CEC0B24E6EB320048EE4D /* Assets.xcassets in Resources */,
			);
			runOnlyForDeploymentPostprocessing = 0;
		};
		F20CEC1324E6EB320048EE4D /* Resources */ = {
			isa = PBXResourcesBuildPhase;
			buildActionMask = 2147483647;
			files = (
			);
			runOnlyForDeploymentPostprocessing = 0;
		};
		F20CEC1E24E6EB320048EE4D /* Resources */ = {
			isa = PBXResourcesBuildPhase;
			buildActionMask = 2147483647;
			files = (
			);
			runOnlyForDeploymentPostprocessing = 0;
		};
/* End PBXResourcesBuildPhase section */

/* Begin PBXSourcesBuildPhase section */
		F20CEBFF24E6EB310048EE4D /* Sources */ = {
			isa = PBXSourcesBuildPhase;
			buildActionMask = 2147483647;
			files = (
				F20CEC0924E6EB310048EE4D /* ContentView.swift in Sources */,
				F20CEC0724E6EB310048EE4D /* Test2App.swift in Sources */,
			);
			runOnlyForDeploymentPostprocessing = 0;
		};
		F20CEC1124E6EB320048EE4D /* Sources */ = {
			isa = PBXSourcesBuildPhase;
			buildActionMask = 2147483647;
			files = (
				F20CEC1A24E6EB320048EE4D /* Test2Tests.swift in Sources */,
			);
			runOnlyForDeploymentPostprocessing = 0;
		};
		F20CEC1C24E6EB320048EE4D /* Sources */ = {
			isa = PBXSourcesBuildPhase;
			buildActionMask = 2147483647;
			files = (
				F20CEC2524E6EB320048EE4D /* Test2UITests.swift in Sources */,
			);
			runOnlyForDeploymentPostprocessing = 0;
		};
/* End PBXSourcesBuildPhase section */

/* Begin PBXTargetDependency section */
		F20CEC1724E6EB320048EE4D /* PBXTargetDependency */ = {
			isa = PBXTargetDependency;
			target = F20CEC0224E6EB310048EE4D /* Test2 */;
			targetProxy = F20CEC1624E6EB320048EE4D /* PBXContainerItemProxy */;
		};
		F20CEC2224E6EB320048EE4D /* PBXTargetDependency */ = {
			isa = PBXTargetDependency;
			target = F20CEC0224E6EB310048EE4D /* Test2 */;
			targetProxy = F20CEC2124E6EB320048EE4D /* PBXContainerItemProxy */;
		};
/* End PBXTargetDependency section */

/* Begin XCBuildConfiguration section */
		F20CEC2724E6EB320048EE4D /* Debug */ = {
			isa = XCBuildConfiguration;
			buildSettings = {
				ALWAYS_SEARCH_USER_PATHS = NO;
				CLANG_ANALYZER_NONNULL = YES;
				CLANG_ANALYZER_NUMBER_OBJECT_CONVERSION = YES_AGGRESSIVE;
				CLANG_CXX_LANGUAGE_STANDARD = "gnu++14";
				CLANG_CXX_LIBRARY = "libc++";
				CLANG_ENABLE_MODULES = YES;
				CLANG_ENABLE_OBJC_ARC = YES;
				CLANG_ENABLE_OBJC_WEAK = YES;
				CLANG_WARN_BLOCK_CAPTURE_AUTORELEASING = YES;
				CLANG_WARN_BOOL_CONVERSION = YES;
				CLANG_WARN_COMMA = YES;
				CLANG_WARN_CONSTANT_CONVERSION = YES;
				CLANG_WARN_DEPRECATED_OBJC_IMPLEMENTATIONS = YES;
				CLANG_WARN_DIRECT_OBJC_ISA_USAGE = YES_ERROR;
				CLANG_WARN_DOCUMENTATION_COMMENTS = YES;
				CLANG_WARN_EMPTY_BODY = YES;
				CLANG_WARN_ENUM_CONVERSION = YES;
				CLANG_WARN_INFINITE_RECURSION = YES;
				CLANG_WARN_INT_CONVERSION = YES;
				CLANG_WARN_NON_LITERAL_NULL_CONVERSION = YES;
				CLANG_WARN_OBJC_IMPLICIT_RETAIN_SELF = YES;
				CLANG_WARN_OBJC_LITERAL_CONVERSION = YES;
				CLANG_WARN_OBJC_ROOT_CLASS = YES_ERROR;
				CLANG_WARN_QUOTED_INCLUDE_IN_FRAMEWORK_HEADER = YES;
				CLANG_WARN_RANGE_LOOP_ANALYSIS = YES;
				CLANG_WARN_STRICT_PROTOTYPES = YES;
				CLANG_WARN_SUSPICIOUS_MOVE = YES;
				CLANG_WARN_UNGUARDED_AVAILABILITY = YES_AGGRESSIVE;
				CLANG_WARN_UNREACHABLE_CODE = YES;
				CLANG_WARN__DUPLICATE_METHOD_MATCH = YES;
				COPY_PHASE_STRIP = NO;
				DEBUG_INFORMATION_FORMAT = dwarf;
				ENABLE_STRICT_OBJC_MSGSEND = YES;
				ENABLE_TESTABILITY = YES;
				GCC_C_LANGUAGE_STANDARD = gnu11;
				GCC_DYNAMIC_NO_PIC = NO;
				GCC_NO_COMMON_BLOCKS = YES;
				GCC_OPTIMIZATION_LEVEL = 0;
				GCC_PREPROCESSOR_DEFINITIONS = (
					"DEBUG=1",
					"$(inherited)",
				);
				GCC_WARN_64_TO_32_BIT_CONVERSION = YES;
				GCC_WARN_ABOUT_RETURN_TYPE = YES_ERROR;
				GCC_WARN_UNDECLARED_SELECTOR = YES;
				GCC_WARN_UNINITIALIZED_AUTOS = YES_AGGRESSIVE;
				GCC_WARN_UNUSED_FUNCTION = YES;
				GCC_WARN_UNUSED_VARIABLE = YES;
				MACOSX_DEPLOYMENT_TARGET = 11.0;
				MTL_ENABLE_DEBUG_INFO = INCLUDE_SOURCE;
				MTL_FAST_MATH = YES;
				ONLY_ACTIVE_ARCH = YES;
				SDKROOT = macosx;
				SWIFT_ACTIVE_COMPILATION_CONDITIONS = DEBUG;
				SWIFT_OPTIMIZATION_LEVEL = "-Onone";
			};
			name = Debug;
		};
		F20CEC2824E6EB320048EE4D /* Release */ = {
			isa = XCBuildConfiguration;
			buildSettings = {
				ALWAYS_SEARCH_USER_PATHS = NO;
				CLANG_ANALYZER_NONNULL = YES;
				CLANG_ANALYZER_NUMBER_OBJECT_CONVERSION = YES_AGGRESSIVE;
				CLANG_CXX_LANGUAGE_STANDARD = "gnu++14";
				CLANG_CXX_LIBRARY = "libc++";
				CLANG_ENABLE_MODULES = YES;
				CLANG_ENABLE_OBJC_ARC = YES;
				CLANG_ENABLE_OBJC_WEAK = YES;
				CLANG_WARN_BLOCK_CAPTURE_AUTORELEASING = YES;
				CLANG_WARN_BOOL_CONVERSION = YES;
				CLANG_WARN_COMMA = YES;
				CLANG_WARN_CONSTANT_CONVERSION = YES;
				CLANG_WARN_DEPRECATED_OBJC_IMPLEMENTATIONS = YES;
				CLANG_WARN_DIRECT_OBJC_ISA_USAGE = YES_ERROR;
				CLANG_WARN_DOCUMENTATION_COMMENTS = YES;
				CLANG_WARN_EMPTY_BODY = YES;
				CLANG_WARN_ENUM_CONVERSION = YES;
				CLANG_WARN_INFINITE_RECURSION = YES;
				CLANG_WARN_INT_CONVERSION = YES;
				CLANG_WARN_NON_LITERAL_NULL_CONVERSION = YES;
				CLANG_WARN_OBJC_IMPLICIT_RETAIN_SELF = YES;
				CLANG_WARN_OBJC_LITERAL_CONVERSION = YES;
				CLANG_WARN_OBJC_ROOT_CLASS = YES_ERROR;
				CLANG_WARN_QUOTED_INCLUDE_IN_FRAMEWORK_HEADER = YES;
				CLANG_WARN_RANGE_LOOP_ANALYSIS = YES;
				CLANG_WARN_STRICT_PROTOTYPES = YES;
				CLANG_WARN_SUSPICIOUS_MOVE = YES;
				CLANG_WARN_UNGUARDED_AVAILABILITY = YES_AGGRESSIVE;
				CLANG_WARN_UNREACHABLE_CODE = YES;
				CLANG_WARN__DUPLICATE_METHOD_MATCH = YES;
				COPY_PHASE_STRIP = NO;
				DEBUG_INFORMATION_FORMAT = "dwarf-with-dsym";
				ENABLE_NS_ASSERTIONS = NO;
				ENABLE_STRICT_OBJC_MSGSEND = YES;
				GCC_C_LANGUAGE_STANDARD = gnu11;
				GCC_NO_COMMON_BLOCKS = YES;
				GCC_WARN_64_TO_32_BIT_CONVERSION = YES;
				GCC_WARN_ABOUT_RETURN_TYPE = YES_ERROR;
				GCC_WARN_UNDECLARED_SELECTOR = YES;
				GCC_WARN_UNINITIALIZED_AUTOS = YES_AGGRESSIVE;
				GCC_WARN_UNUSED_FUNCTION = YES;
				GCC_WARN_UNUSED_VARIABLE = YES;
				MACOSX_DEPLOYMENT_TARGET = 11.0;
				MTL_ENABLE_DEBUG_INFO = NO;
				MTL_FAST_MATH = YES;
				SDKROOT = macosx;
				SWIFT_COMPILATION_MODE = wholemodule;
				SWIFT_OPTIMIZATION_LEVEL = "-O";
			};
			name = Release;
		};
		F20CEC2A24E6EB320048EE4D /* Debug */ = {
			isa = XCBuildConfiguration;
			buildSettings = {
				ASSETCATALOG_COMPILER_APPICON_NAME = AppIcon;
				ASSETCATALOG_COMPILER_GLOBAL_ACCENT_COLOR_NAME = AccentColor;
				CODE_SIGN_ENTITLEMENTS = Test2/Test2.entitlements;
				CODE_SIGN_STYLE = Automatic;
				COMBINE_HIDPI_IMAGES = YES;
				DEVELOPMENT_ASSET_PATHS = "\"Test2/Preview Content\"";
				DEVELOPMENT_TEAM = 84P4DVBKVP;
				ENABLE_HARDENED_RUNTIME = YES;
				ENABLE_PREVIEWS = YES;
				INFOPLIST_FILE = Test2/Info.plist;
				LD_RUNPATH_SEARCH_PATHS = (
					"$(inherited)",
					"@executable_path/../Frameworks",
				);
				MACOSX_DEPLOYMENT_TARGET = 11.0;
				PRODUCT_BUNDLE_IDENTIFIER = com.sunnydale.Test2;
				PRODUCT_NAME = "$(TARGET_NAME)";
				SWIFT_VERSION = 5.0;
			};
			name = Debug;
		};
		F20CEC2B24E6EB320048EE4D /* Release */ = {
			isa = XCBuildConfiguration;
			buildSettings = {
				ASSETCATALOG_COMPILER_APPICON_NAME = AppIcon;
				ASSETCATALOG_COMPILER_GLOBAL_ACCENT_COLOR_NAME = AccentColor;
				CODE_SIGN_ENTITLEMENTS = Test2/Test2.entitlements;
				CODE_SIGN_STYLE = Automatic;
				COMBINE_HIDPI_IMAGES = YES;
				DEVELOPMENT_ASSET_PATHS = "\"Test2/Preview Content\"";
				DEVELOPMENT_TEAM = 84P4DVBKVP;
				ENABLE_HARDENED_RUNTIME = YES;
				ENABLE_PREVIEWS = YES;
				INFOPLIST_FILE = Test2/Info.plist;
				LD_RUNPATH_SEARCH_PATHS = (
					"$(inherited)",
					"@executable_path/../Frameworks",
				);
				MACOSX_DEPLOYMENT_TARGET = 11.0;
				PRODUCT_BUNDLE_IDENTIFIER = com.sunnydale.Test2;
				PRODUCT_NAME = "$(TARGET_NAME)";
				SWIFT_VERSION = 5.0;
			};
			name = Release;
		};
		F20CEC2D24E6EB320048EE4D /* Debug */ = {
			isa = XCBuildConfiguration;
			buildSettings = {
				ALWAYS_EMBED_SWIFT_STANDARD_LIBRARIES = YES;
				BUNDLE_LOADER = "$(TEST_HOST)";
				CODE_SIGN_STYLE = Automatic;
				COMBINE_HIDPI_IMAGES = YES;
				DEVELOPMENT_TEAM = 84P4DVBKVP;
				INFOPLIST_FILE = Test2Tests/Info.plist;
				LD_RUNPATH_SEARCH_PATHS = (
					"$(inherited)",
					"@executable_path/../Frameworks",
					"@loader_path/../Frameworks",
				);
				MACOSX_DEPLOYMENT_TARGET = 11.0;
				PRODUCT_BUNDLE_IDENTIFIER = com.sunnydale.Test2Tests;
				PRODUCT_NAME = "$(TARGET_NAME)";
				SWIFT_VERSION = 5.0;
				TEST_HOST = "$(BUILT_PRODUCTS_DIR)/Test2.app/Contents/MacOS/Test2";
			};
			name = Debug;
		};
		F20CEC2E24E6EB320048EE4D /* Release */ = {
			isa = XCBuildConfiguration;
			buildSettings = {
				ALWAYS_EMBED_SWIFT_STANDARD_LIBRARIES = YES;
				BUNDLE_LOADER = "$(TEST_HOST)";
				CODE_SIGN_STYLE = Automatic;
				COMBINE_HIDPI_IMAGES = YES;
				DEVELOPMENT_TEAM = 84P4DVBKVP;
				INFOPLIST_FILE = Test2Tests/Info.plist;
				LD_RUNPATH_SEARCH_PATHS = (
					"$(inherited)",
					"@executable_path/../Frameworks",
					"@loader_path/../Frameworks",
				);
				MACOSX_DEPLOYMENT_TARGET = 11.0;
				PRODUCT_BUNDLE_IDENTIFIER = com.sunnydale.Test2Tests;
				PRODUCT_NAME = "$(TARGET_NAME)";
				SWIFT_VERSION = 5.0;
				TEST_HOST = "$(BUILT_PRODUCTS_DIR)/Test2.app/Contents/MacOS/Test2";
			};
			name = Release;
		};
		F20CEC3024E6EB320048EE4D /* Debug */ = {
			isa = XCBuildConfiguration;
			buildSettings = {
				ALWAYS_EMBED_SWIFT_STANDARD_LIBRARIES = YES;
				CODE_SIGN_STYLE = Automatic;
				COMBINE_HIDPI_IMAGES = YES;
				DEVELOPMENT_TEAM = 84P4DVBKVP;
				INFOPLIST_FILE = Test2UITests/Info.plist;
				LD_RUNPATH_SEARCH_PATHS = (
					"$(inherited)",
					"@executable_path/../Frameworks",
					"@loader_path/../Frameworks",
				);
				PRODUCT_BUNDLE_IDENTIFIER = com.sunnydale.Test2UITests;
				PRODUCT_NAME = "$(TARGET_NAME)";
				SWIFT_VERSION = 5.0;
				TEST_TARGET_NAME = Test2;
			};
			name = Debug;
		};
		F20CEC3124E6EB320048EE4D /* Release */ = {
			isa = XCBuildConfiguration;
			buildSettings = {
				ALWAYS_EMBED_SWIFT_STANDARD_LIBRARIES = YES;
				CODE_SIGN_STYLE = Automatic;
				COMBINE_HIDPI_IMAGES = YES;
				DEVELOPMENT_TEAM = 84P4DVBKVP;
				INFOPLIST_FILE = Test2UITests/Info.plist;
				LD_RUNPATH_SEARCH_PATHS = (
					"$(inherited)",
					"@executable_path/../Frameworks",
					"@loader_path/../Frameworks",
				);
				PRODUCT_BUNDLE_IDENTIFIER = com.sunnydale.Test2UITests;
				PRODUCT_NAME = "$(TARGET_NAME)";
				SWIFT_VERSION = 5.0;
				TEST_TARGET_NAME = Test2;
			};
			name = Release;
		};
/* End XCBuildConfiguration section */

/* Begin XCConfigurationList section */
		F20CEBFE24E6EB310048EE4D /* Build configuration list for PBXProject "Test2" */ = {
			isa = XCConfigurationList;
			buildConfigurations = (
				F20CEC2724E6EB320048EE4D /* Debug */,
				F20CEC2824E6EB320048EE4D /* Release */,
			);
			defaultConfigurationIsVisible = 0;
			defaultConfigurationName = Release;
		};
		F20CEC2924E6EB320048EE4D /* Build configuration list for PBXNativeTarget "Test2" */ = {
			isa = XCConfigurationList;
			buildConfigurations = (
				F20CEC2A24E6EB320048EE4D /* Debug */,
				F20CEC2B24E6EB320048EE4D /* Release */,
			);
			defaultConfigurationIsVisible = 0;
			defaultConfigurationName = Release;
		};
		F20CEC2C24E6EB320048EE4D /* Build configuration list for PBXNativeTarget "Test2Tests" */ = {
			isa = XCConfigurationList;
			buildConfigurations = (
				F20CEC2D24E6EB320048EE4D /* Debug */,
				F20CEC2E24E6EB320048EE4D /* Release */,
			);
			defaultConfigurationIsVisible = 0;
			defaultConfigurationName = Release;
		};
		F20CEC2F24E6EB320048EE4D /* Build configuration list for PBXNativeTarget "Test2UITests" */ = {
			isa = XCConfigurationList;
			buildConfigurations = (
				F20CEC3024E6EB320048EE4D /* Debug */,
				F20CEC3124E6EB320048EE4D /* Release */,
			);
			defaultConfigurationIsVisible = 0;
			defaultConfigurationName = Release;
		};
/* End XCConfigurationList section */
	};
	rootObject = F20CEBFB24E6EB310048EE4D /* Project object */;
}
